
Microsoft Visual Studio Solution File, Format Version 12.00
# Visual Studio Version 16
VisualStudioVersion = 16.0.29920.165
MinimumVisualStudioVersion = 10.0.40219.1
Project("{FAE04EC0-301F-11D3-BF4B-00C04F79EFBC}") = "Module05_TP02_BO", "Module05_TP02_BO.csproj", "{6066EAAA-6025-49BC-A1F3-FC6447C42CD9}"
EndProject
Project("{FAE04EC0-301F-11D3-BF4B-00C04F79EFBC}") = "Module05_TP02", "..\Module05_TP02\Module05_TP02.csproj", "{588636D8-35D0-4A3C-ABF4-5F81F1A83706}"
EndProject
Project("{FAE04EC0-301F-11D3-BF4B-00C04F79EFBC}") = "Module06_TP01", "..\Module06_TP01\Module06_TP01.csproj", "{87006613-C36E-4AD8-B7BF-8847FCA305D2}"
EndProject
Project("{FAE04EC0-301F-11D3-BF4B-00C04F79EFBC}") = "Module06_TP01_BO", "..\..\..\..\..\Downloads\Cours 250 - Module 6\Module 06 - Énoncé TP 01 - Le Dojo – partie 1\Ressources Module 06 - Enoncé TP 01\Module06_TP01_BO.csproj", "{0BBA0441-0AB7-4112-946B-521C9CEC7367}"
EndProject
Global
	GlobalSection(SolutionConfigurationPlatforms) = preSolution
		Debug|Any CPU = Debug|Any CPU
		Release|Any CPU = Release|Any CPU
	EndGlobalSection
	GlobalSection(ProjectConfigurationPlatforms) = postSolution
		{6066EAAA-6025-49BC-A1F3-FC6447C42CD9}.Debug|Any CPU.ActiveCfg = Debug|Any CPU
		{6066EAAA-6025-49BC-A1F3-FC6447C42CD9}.Debug|Any CPU.Build.0 = Debug|Any CPU
		{6066EAAA-6025-49BC-A1F3-FC6447C42CD9}.Release|Any CPU.ActiveCfg = Release|Any CPU
		{6066EAAA-6025-49BC-A1F3-FC6447C42CD9}.Release|Any CPU.Build.0 = Release|Any CPU
		{588636D8-35D0-4A3C-ABF4-5F81F1A83706}.Debug|Any CPU.ActiveCfg = Debug|Any CPU
		{588636D8-35D0-4A3C-ABF4-5F81F1A83706}.Debug|Any CPU.Build.0 = Debug|Any CPU
		{588636D8-35D0-4A3C-ABF4-5F81F1A83706}.Release|Any CPU.ActiveCfg = Release|Any CPU
		{588636D8-35D0-4A3C-ABF4-5F81F1A83706}.Release|Any CPU.Build.0 = Release|Any CPU
		{87006613-C36E-4AD8-B7BF-8847FCA305D2}.Debug|Any CPU.ActiveCfg = Debug|Any CPU
		{87006613-C36E-4AD8-B7BF-8847FCA305D2}.Debug|Any CPU.Build.0 = Debug|Any CPU
		{87006613-C36E-4AD8-B7BF-8847FCA305D2}.Release|Any CPU.ActiveCfg = Release|Any CPU
		{87006613-C36E-4AD8-B7BF-8847FCA305D2}.Release|Any CPU.Build.0 = Release|Any CPU
		{0BBA0441-0AB7-4112-946B-521C9CEC7367}.Debug|Any CPU.ActiveCfg = Debug|Any CPU
		{0BBA0441-0AB7-4112-946B-521C9CEC7367}.Debug|Any CPU.Build.0 = Debug|Any CPU
		{0BBA0441-0AB7-4112-946B-521C9CEC7367}.Release|Any CPU.ActiveCfg = Release|Any CPU
		{0BBA0441-0AB7-4112-946B-521C9CEC7367}.Release|Any CPU.Build.0 = Release|Any CPU
	EndGlobalSection
	GlobalSection(SolutionProperties) = preSolution
		HideSolutionNode = FALSE
	EndGlobalSection
	GlobalSection(ExtensibilityGlobals) = postSolution
		SolutionGuid = {AD17BC6E-3B70-4A9E-9B7B-DF193DE4DBAB}
	EndGlobalSection
EndGlobal
