
Microsoft Visual Studio Solution File, Format Version 12.00
# Visual Studio Version 16
VisualStudioVersion = 16.0.29920.165
MinimumVisualStudioVersion = 10.0.40219.1
Project("{FAE04EC0-301F-11D3-BF4B-00C04F79EFBC}") = "Module05_TP02", "Module05_TP02.csproj", "{588636D8-35D0-4A3C-ABF4-5F81F1A83706}"
EndProject
Global
	GlobalSection(SolutionConfigurationPlatforms) = preSolution
		Debug|Any CPU = Debug|Any CPU
		Release|Any CPU = Release|Any CPU
	EndGlobalSection
	GlobalSection(ProjectConfigurationPlatforms) = postSolution
		{588636D8-35D0-4A3C-ABF4-5F81F1A83706}.Debug|Any CPU.ActiveCfg = Debug|Any CPU
		{588636D8-35D0-4A3C-ABF4-5F81F1A83706}.Debug|Any CPU.Build.0 = Debug|Any CPU
		{588636D8-35D0-4A3C-ABF4-5F81F1A83706}.Release|Any CPU.ActiveCfg = Release|Any CPU
		{588636D8-35D0-4A3C-ABF4-5F81F1A83706}.Release|Any CPU.Build.0 = Release|Any CPU
	EndGlobalSection
	GlobalSection(SolutionProperties) = preSolution
		HideSolutionNode = FALSE
	EndGlobalSection
	GlobalSection(ExtensibilityGlobals) = postSolution
		SolutionGuid = {C0362418-F795-4DD2-B8C7-88919F219753}
	EndGlobalSection
EndGlobal
