
Microsoft Visual Studio Solution File, Format Version 12.00
# Visual Studio Version 16
VisualStudioVersion = 16.0.29920.165
MinimumVisualStudioVersion = 10.0.40219.1
Project("{FAE04EC0-301F-11D3-BF4B-00C04F79EFBC}") = "TP01", "TP01.csproj", "{59FAE690-9DEC-4DE0-A794-9040CEC5279C}"
EndProject
Project("{FAE04EC0-301F-11D3-BF4B-00C04F79EFBC}") = "Module03_TP01", "..\Tp\Modules03_TP01\Module03_TP01\Module03_TP01\Module03_TP01.csproj", "{F6F5BDFB-967B-4EE5-BC69-50E329681C08}"
EndProject
Project("{FAE04EC0-301F-11D3-BF4B-00C04F79EFBC}") = "Module05_TP01", "..\Module05_TP01\Module05_TP01.csproj", "{B4A20D6A-6FD8-469B-8000-5A73B54E9F8A}"
EndProject
Global
	GlobalSection(SolutionConfigurationPlatforms) = preSolution
		Debug|Any CPU = Debug|Any CPU
		Release|Any CPU = Release|Any CPU
	EndGlobalSection
	GlobalSection(ProjectConfigurationPlatforms) = postSolution
		{59FAE690-9DEC-4DE0-A794-9040CEC5279C}.Debug|Any CPU.ActiveCfg = Debug|Any CPU
		{59FAE690-9DEC-4DE0-A794-9040CEC5279C}.Debug|Any CPU.Build.0 = Debug|Any CPU
		{59FAE690-9DEC-4DE0-A794-9040CEC5279C}.Release|Any CPU.ActiveCfg = Release|Any CPU
		{59FAE690-9DEC-4DE0-A794-9040CEC5279C}.Release|Any CPU.Build.0 = Release|Any CPU
		{F6F5BDFB-967B-4EE5-BC69-50E329681C08}.Debug|Any CPU.ActiveCfg = Debug|Any CPU
		{F6F5BDFB-967B-4EE5-BC69-50E329681C08}.Debug|Any CPU.Build.0 = Debug|Any CPU
		{F6F5BDFB-967B-4EE5-BC69-50E329681C08}.Release|Any CPU.ActiveCfg = Release|Any CPU
		{F6F5BDFB-967B-4EE5-BC69-50E329681C08}.Release|Any CPU.Build.0 = Release|Any CPU
		{B4A20D6A-6FD8-469B-8000-5A73B54E9F8A}.Debug|Any CPU.ActiveCfg = Debug|Any CPU
		{B4A20D6A-6FD8-469B-8000-5A73B54E9F8A}.Debug|Any CPU.Build.0 = Debug|Any CPU
		{B4A20D6A-6FD8-469B-8000-5A73B54E9F8A}.Release|Any CPU.ActiveCfg = Release|Any CPU
		{B4A20D6A-6FD8-469B-8000-5A73B54E9F8A}.Release|Any CPU.Build.0 = Release|Any CPU
	EndGlobalSection
	GlobalSection(SolutionProperties) = preSolution
		HideSolutionNode = FALSE
	EndGlobalSection
	GlobalSection(ExtensibilityGlobals) = postSolution
		SolutionGuid = {F7833CF4-4881-4C7C-A1E0-CEF0603229BD}
	EndGlobalSection
EndGlobal
